# This file is automatically @generated by Cargo.
# It is not intended for manual editing.
version = 3

[[package]]
name = "borrow"
version = "0.1.0"

[[package]]
name = "concurrent-arc"
version = "0.1.0"

[[package]]
name = "concurrent-arc-mutex"
version = "0.1.0"

[[package]]
name = "concurrent-rc"
version = "0.1.0"

[[package]]
name = "concurrent-rc-in-arc"
version = "0.1.0"

[[package]]
name = "double-free"
version = "0.1.0"

[[package]]
name = "ownership"
version = "0.1.0"

[[package]]
name = "rust-presentation-2023-11-09"
version = "0.1.0"

[[package]]
name = "sneaky-borrow"
version = "0.1.0"

[[package]]
name = "sneaky-borrow-with-lifetime"
version = "0.1.0"
